dependencies:
  espressif/led_strip:
    component_hash: 28621486f77229aaf81c71f5e15d6fbf36c2949cf11094e07090593e659e7639
    source:
      service_url: https://api.components.espressif.com/
      type: service
    version: 3.0.3
  idf:
    component_hash: null
    source:
      type: idf
    version: 5.3.0
manifest_hash: fd35fce3e362f8da88f0e980be321983f1e5d35d96cf1625bb4d926e56911127
target: esp32s3
version: 1.0.0
